<?xml version="1.0" encoding="UTF-8" standalone="yes" ?>
<CodeBlocks_project_file>
	<FileVersion major="1" minor="6" />
	<Project>
		<Option title="Project" />
		<Option pch_mode="2" />
		<Option compiler="gcc" />
		<Build>
			<Target title="Debug">
				<Option output="bin/Debug/Project" prefix_auto="1" extension_auto="1" />
				<Option object_output="obj/Debug/" />
				<Option type="1" />
				<Option compiler="gcc" />
				<Compiler>
					<Add option="-g" />
				</Compiler>
			</Target>
			<Target title="Release">
				<Option output="bin/Release/Project" prefix_auto="1" extension_auto="1" />
				<Option object_output="obj/Release/" />
				<Option type="1" />
				<Option compiler="gcc" />
				<Compiler>
					<Add option="-O2" />
				</Compiler>
				<Linker>
					<Add option="-s" />
				</Linker>
			</Target>
		</Build>
		<Compiler>
			<Add option="-Wall" />
			<Add directory="C:/Users/salman/Desktop/ma01912/OOP/SDL2_image-devel-2.0.1-mingw.tar/SDL2_image-devel-2.0.1-mingw/SDL2_image-2.0.1/i686-w64-mingw32/include/SDL2" />
			<Add directory="C:/Users/salman/Desktop/ma01912/OOP/SDL2-devel-2.0.4-mingw.tar/SDL2-devel-2.0.4-mingw/SDL2-2.0.4/i686-w64-mingw32/include/SDL2" />
		</Compiler>
		<Linker>
			<Add option="-lSDL2_image -lmingw32 -lSDL2main -lSDL2" />
			<Add directory="C:/Users/salman/Desktop/ma01912/OOP/SDL2_image-devel-2.0.1-mingw.tar/SDL2_image-devel-2.0.1-mingw/SDL2_image-2.0.1/i686-w64-mingw32/lib" />
			<Add directory="C:/Users/salman/Desktop/ma01912/OOP/SDL2-devel-2.0.4-mingw.tar/SDL2-devel-2.0.4-mingw/SDL2-2.0.4/i686-w64-mingw32/lib" />
		</Linker>
		<Unit filename="Button.cpp" />
		<Unit filename="Button.h" />
		<Unit filename="Button_Pos.h" />
		<Unit filename="Character.cpp" />
		<Unit filename="Character.h" />
		<Unit filename="Enemy.cpp" />
		<Unit filename="Enemy.h" />
		<Unit filename="Enemy02Bullet.cpp" />
		<Unit filename="Enemy02Bullet.h" />
		<Unit filename="Enemy1.cpp" />
		<Unit filename="Enemy1.h" />
		<Unit filename="Enemy1Bullet.cpp" />
		<Unit filename="Enemy1Bullet.h" />
		<Unit filename="Flashscreen.cpp" />
		<Unit filename="Flashscreen.h" />
		<Unit filename="IngameMenu.cpp" />
		<Unit filename="IngameMenu.h" />
		<Unit filename="Item.cpp" />
		<Unit filename="Item.h" />
		<Unit filename="LTexture.cpp" />
		<Unit filename="LTexture.h" />
		<Unit filename="MainMenu.cpp" />
		<Unit filename="MainMenu.h" />
		<Unit filename="MenuBackGround.cpp" />
		<Unit filename="MenuBackGround.h" />
		<Unit filename="Node.h" />
		<Unit filename="Point.h" />
		<Unit filename="Queue1.cpp" />
		<Unit filename="Queue1.h" />
		<Unit filename="String.cpp" />
		<Unit filename="String.h" />
		<Unit filename="bullet.cpp" />
		<Unit filename="bullet.h" />
		<Unit filename="fileIO.cpp" />
		<Unit filename="fileIO.h" />
		<Unit filename="gamescreen.cpp" />
		<Unit filename="gamescreen.h" />
		<Unit filename="main.cpp" />
		<Unit filename="player.cpp" />
		<Unit filename="player.h" />
		<Unit filename="unit.h" />
		<Extensions>
			<code_completion />
			<envvars />
			<debugger />
			<lib_finder disable_auto="1" />
		</Extensions>
	</Project>
</CodeBlocks_project_file>
